
Microsoft Visual Studio Solution File, Format Version 12.00
# Visual Studio Version 16
VisualStudioVersion = 16.0.30503.244
MinimumVisualStudioVersion = 10.0.40219.1
Project("{FAE04EC0-301F-11D3-BF4B-00C04F79EFBC}") = "hetedik_tok4cz", "hetedik_tok4cz\hetedik_tok4cz.csproj", "{CDAE3B41-E66A-4D78-9BD2-1DFF1A051EBB}"
EndProject
Global
	GlobalSection(SolutionConfigurationPlatforms) = preSolution
		Debug|Any CPU = Debug|Any CPU
		Release|Any CPU = Release|Any CPU
	EndGlobalSection
	GlobalSection(ProjectConfigurationPlatforms) = postSolution
		{CDAE3B41-E66A-4D78-9BD2-1DFF1A051EBB}.Debug|Any CPU.ActiveCfg = Debug|Any CPU
		{CDAE3B41-E66A-4D78-9BD2-1DFF1A051EBB}.Debug|Any CPU.Build.0 = Debug|Any CPU
		{CDAE3B41-E66A-4D78-9BD2-1DFF1A051EBB}.Release|Any CPU.ActiveCfg = Release|Any CPU
		{CDAE3B41-E66A-4D78-9BD2-1DFF1A051EBB}.Release|Any CPU.Build.0 = Release|Any CPU
	EndGlobalSection
	GlobalSection(SolutionProperties) = preSolution
		HideSolutionNode = FALSE
	EndGlobalSection
	GlobalSection(ExtensibilityGlobals) = postSolution
		SolutionGuid = {51D03509-8A13-4639-BF0E-489C3A583CE8}
	EndGlobalSection
EndGlobal
